# This file was autogenerated by Stack.
# You should not edit this file by hand.
# For more information, please see the documentation at:
#   https://docs.haskellstack.org/en/stable/lock_files

packages:
- completed:
    hackage: discord-haskell-1.8.6@sha256:59aa6be20aa7ee107251beb2b98a185c9b656af8afc8da8ba6737808b24f2b45,3562
    pantry-tree:
      size: 2107
      sha256: 4cc7b8f7c38a8618e0fdeba223bb1cd7bd9caca0df75016b2d866ac2a7619d82
  original:
    hackage: discord-haskell-1.8.6
- completed:
    hackage: emoji-0.1.0.2@sha256:d995572a5c7dcd28f98eb15c6e387a7b3bda1ac2477ab0d9dba8580d5d7b161f,1273
    pantry-tree:
      size: 437
      sha256: dd9ea90a631342e5db0fc21331ade4d563a685e9125d5a3989eefa8e1b96c6c6
  original:
    hackage: emoji-0.1.0.2
- completed:
    hackage: prometheus-metrics-ghc-1.0.1.1@sha256:d378a7186a967140fe0e09d325fe5e3bfd7b77a1123934b40f81fdfed2eacbdc,1233
    pantry-tree:
      size: 293
      sha256: 0732085a4148b269bbc15eeb7ab422e65ac287878a42a7388a7b6e140ec740e5
  original:
    hackage: prometheus-metrics-ghc-1.0.1.1
- completed:
    hackage: servant-multipart-0.12.1@sha256:4b6a8c3f73d645e212f2a7a476f30a2ab7ed191945a3ff62154ab99d76dea7f0,1951
    pantry-tree:
      size: 332
      sha256: 80f6033a74da5d7c6aded81c428d740a0bf6bfd49e13ce8cde68158abd5ff49f
  original:
    hackage: servant-multipart-0.12.1
- completed:
    hackage: servant-multipart-client-0.12.1@sha256:d043063e2f33eab86840f87c4bdb16eb3fe4a5847a0b118e4f4265cf3ba4c9b3,1892
    pantry-tree:
      size: 400
      sha256: cb02eea7894a94e5dedf5cb74fd5fc6b989711ebb46a0e14d77f74f3b89dcbe0
  original:
    hackage: servant-multipart-client-0.12.1
- completed:
    size: 31797
    url: https://github.com/matobet/telegram-bot-simple/archive/43d702b6cb933df12c312e99318e4e18416d8399.tar.gz
    name: telegram-bot-simple
    version: 0.3.7
    sha256: b264094249c9f6c84ea236bcaa49b02c7608d96989fb4e9e1a93549afadb3005
    pantry-tree:
      size: 2347
      sha256: 48cadf267688408b122b85fdc7d21b1713af0b0344c99d71ac196c213a066da2
  original:
    url: https://github.com/matobet/telegram-bot-simple/archive/43d702b6cb933df12c312e99318e4e18416d8399.tar.gz
- completed:
    hackage: wai-middleware-prometheus-1.0.0@sha256:1625792914fb2139f005685be8ce519111451cfb854816e430fbf54af46238b4,1314
    pantry-tree:
      size: 307
      sha256: 6d64803c639ed4c7204ea6fab0536b97d3ee16cdecb9b4a883cd8e56d3c61402
  original:
    hackage: wai-middleware-prometheus-1.0.0
snapshots:
- completed:
    size: 586041
    url: https://raw.githubusercontent.com/commercialhaskell/stackage-snapshots/master/lts/18/12.yaml
    sha256: 80fc6391195ff00c36f2a605ecbb07de909bfaa2eaa9722a27e486a6ecf8ecb0
  original: lts-18.12
